
Microsoft Visual Studio Solution File, Format Version 12.00
# Visual Studio Version 17
VisualStudioVersion = 17.14.36408.4 d17.14
MinimumVisualStudioVersion = 10.0.40219.1
Project("{FAE04EC0-301F-11D3-BF4B-00C04F79EFBC}") = "api-backend", "api-backend.csproj", "{46B65631-F10F-428E-A65F-3FCDBC11DB39}"
EndProject
Global
	GlobalSection(SolutionConfigurationPlatforms) = preSolution
		Debug|Any CPU = Debug|Any CPU
		Release|Any CPU = Release|Any CPU
	EndGlobalSection
	GlobalSection(ProjectConfigurationPlatforms) = postSolution
		{46B65631-F10F-428E-A65F-3FCDBC11DB39}.Debug|Any CPU.ActiveCfg = Debug|Any CPU
		{46B65631-F10F-428E-A65F-3FCDBC11DB39}.Debug|Any CPU.Build.0 = Debug|Any CPU
		{46B65631-F10F-428E-A65F-3FCDBC11DB39}.Release|Any CPU.ActiveCfg = Release|Any CPU
		{46B65631-F10F-428E-A65F-3FCDBC11DB39}.Release|Any CPU.Build.0 = Release|Any CPU
	EndGlobalSection
	GlobalSection(SolutionProperties) = preSolution
		HideSolutionNode = FALSE
	EndGlobalSection
	GlobalSection(ExtensibilityGlobals) = postSolution
		SolutionGuid = {ED24C476-8F0C-41CB-8942-180F59924AF7}
	EndGlobalSection
EndGlobal
