<Solution>
  <Folder Name="/Solution Items/">
    <File Path=".gitignore" />
    <File Path="README.md" />
  </Folder>
  <Project Path="TutorCenterBackend.Application/TutorCenterBackend.Application.csproj" />
  <Project Path="TutorCenterBackend.Domain/TutorCenterBackend.Domain.csproj" />
  <Project Path="TutorCenterBackend.Infrastructure/TutorCenterBackend.Infrastructure.csproj" />
  <Project Path="TutorCenterBackend.Presentation/TutorCenterBackend.Presentation.csproj" />
</Solution>
